
Microsoft Visual Studio Solution File, Format Version 12.00
# Visual Studio Version 17
VisualStudioVersion = 17.9.34607.119
MinimumVisualStudioVersion = 10.0.40219.1
Project("{FAE04EC0-301F-11D3-BF4B-00C04F79EFBC}") = "WebApplication1", "WebApplication1\WebApplication1.csproj", "{AD8AA30B-F543-447D-B6FC-A08EBCBF3854}"
EndProject
Global
	GlobalSection(SolutionConfigurationPlatforms) = preSolution
		Debug|Any CPU = Debug|Any CPU
		Release|Any CPU = Release|Any CPU
	EndGlobalSection
	GlobalSection(ProjectConfigurationPlatforms) = postSolution
		{AD8AA30B-F543-447D-B6FC-A08EBCBF3854}.Debug|Any CPU.ActiveCfg = Debug|Any CPU
		{AD8AA30B-F543-447D-B6FC-A08EBCBF3854}.Debug|Any CPU.Build.0 = Debug|Any CPU
		{AD8AA30B-F543-447D-B6FC-A08EBCBF3854}.Release|Any CPU.ActiveCfg = Release|Any CPU
		{AD8AA30B-F543-447D-B6FC-A08EBCBF3854}.Release|Any CPU.Build.0 = Release|Any CPU
	EndGlobalSection
	GlobalSection(SolutionProperties) = preSolution
		HideSolutionNode = FALSE
	EndGlobalSection
	GlobalSection(ExtensibilityGlobals) = postSolution
		SolutionGuid = {1FF8B662-4FAD-4385-A44E-35ADEEE5DC8E}
	EndGlobalSection
EndGlobal
